# THIS IS AN AUTOGENERATED FILE. DO NOT EDIT THIS FILE DIRECTLY.
# yarn lockfile v1


bionic-reading@^1.4.0:
  version "1.4.0"
  resolved "https://registry.yarnpkg.com/bionic-reading/-/bionic-reading-1.4.0.tgz#e7da96c1be781662346a60c67ae60805ae1a8382"
  integrity sha512-3rZ4AejMV4l6fiDZK1R3IHOJ/ZJx1d7823xwfXnSEwS2tMjqZ0STbVN6j0bxED2Sd0SC3ffmIFqm65C+hwTkrw==

text-vide@^1.7.0:
  version "1.7.0"
  resolved "https://registry.yarnpkg.com/text-vide/-/text-vide-1.7.0.tgz#98299ab28f4474731f8b00e28c098c1976046be5"
  integrity sha512-PWULghWsCZYEJq7OO5KYcYtTejwREZmJL3peUlO99H2g0O51EHYdXgCFaazEKCOlBYM+mJbdOd9T4LJycgPR3w==
